
Microsoft Visual Studio Solution File, Format Version 12.00
# Visual Studio Version 16
VisualStudioVersion = 16.0.30503.244
MinimumVisualStudioVersion = 10.0.40219.1
Project("{888888A0-9F3D-457C-B088-3A5042F75D52}") = "RoomEscape3", "RoomEscape3.pyproj", "{07759384-2736-49B9-A191-0012F5D618B6}"
EndProject
Global
	GlobalSection(SolutionConfigurationPlatforms) = preSolution
		Debug|Any CPU = Debug|Any CPU
		Release|Any CPU = Release|Any CPU
	EndGlobalSection
	GlobalSection(ProjectConfigurationPlatforms) = postSolution
		{07759384-2736-49B9-A191-0012F5D618B6}.Debug|Any CPU.ActiveCfg = Debug|Any CPU
		{07759384-2736-49B9-A191-0012F5D618B6}.Release|Any CPU.ActiveCfg = Release|Any CPU
	EndGlobalSection
	GlobalSection(SolutionProperties) = preSolution
		HideSolutionNode = FALSE
	EndGlobalSection
	GlobalSection(ExtensibilityGlobals) = postSolution
		SolutionGuid = {80C692BB-FF97-4DE9-9DE8-88D9BB22D397}
	EndGlobalSection
EndGlobal
